
Microsoft Visual Studio Solution File, Format Version 12.00
# Visual Studio Version 17
VisualStudioVersion = 17.5.33414.496
MinimumVisualStudioVersion = 10.0.40219.1
Project("{2150E333-8FDC-42A3-9474-1A3956D46DE8}") = "Services", "Services", "{5D7B5BAE-213D-42F2-847B-A1960A87DCE6}"
EndProject
Project("{2150E333-8FDC-42A3-9474-1A3956D46DE8}") = "Catalog", "Catalog", "{FBEEAAD0-E845-4CB1-92C2-4C3845CBE133}"
EndProject
Project("{9A19103F-16F7-4668-BE54-9A1E7A4F7556}") = "Catalog.API", "Services\Catalog\Catalog.API\Catalog.API.csproj", "{1794D840-C958-459F-8E29-36237DFBFCE1}"
EndProject
Project("{E53339B2-1760-4266-BCC7-CA923CBCF16C}") = "docker-compose", "docker-compose.dcproj", "{185FAF85-0160-452E-9065-C0D4AE25FDD5}"
EndProject
Project("{2150E333-8FDC-42A3-9474-1A3956D46DE8}") = "Basket", "Basket", "{EB2DAF2A-21AC-49F9-8521-C7FF7160DACA}"
EndProject
Project("{9A19103F-16F7-4668-BE54-9A1E7A4F7556}") = "Basket.API", "Services\Basket\Basket.API\Basket.API.csproj", "{DD297AAF-DDA8-481A-9F3E-6F7DBBEF1AF0}"
EndProject
Project("{2150E333-8FDC-42A3-9474-1A3956D46DE8}") = "Discount", "Discount", "{CDC03AE1-1E44-4D80-A5EF-3282F1A03C5A}"
EndProject
Project("{FAE04EC0-301F-11D3-BF4B-00C04F79EFBC}") = "Discount.API", "Services\Discount\Discount.API\Discount.API.csproj", "{8CEA8E05-0E5C-4F80-AEAA-752D0D2A604F}"
EndProject
Global
	GlobalSection(SolutionConfigurationPlatforms) = preSolution
		Debug|Any CPU = Debug|Any CPU
		Release|Any CPU = Release|Any CPU
	EndGlobalSection
	GlobalSection(ProjectConfigurationPlatforms) = postSolution
		{1794D840-C958-459F-8E29-36237DFBFCE1}.Debug|Any CPU.ActiveCfg = Debug|Any CPU
		{1794D840-C958-459F-8E29-36237DFBFCE1}.Debug|Any CPU.Build.0 = Debug|Any CPU
		{1794D840-C958-459F-8E29-36237DFBFCE1}.Release|Any CPU.ActiveCfg = Release|Any CPU
		{1794D840-C958-459F-8E29-36237DFBFCE1}.Release|Any CPU.Build.0 = Release|Any CPU
		{185FAF85-0160-452E-9065-C0D4AE25FDD5}.Debug|Any CPU.ActiveCfg = Debug|Any CPU
		{185FAF85-0160-452E-9065-C0D4AE25FDD5}.Debug|Any CPU.Build.0 = Debug|Any CPU
		{185FAF85-0160-452E-9065-C0D4AE25FDD5}.Release|Any CPU.ActiveCfg = Release|Any CPU
		{185FAF85-0160-452E-9065-C0D4AE25FDD5}.Release|Any CPU.Build.0 = Release|Any CPU
		{DD297AAF-DDA8-481A-9F3E-6F7DBBEF1AF0}.Debug|Any CPU.ActiveCfg = Debug|Any CPU
		{DD297AAF-DDA8-481A-9F3E-6F7DBBEF1AF0}.Debug|Any CPU.Build.0 = Debug|Any CPU
		{DD297AAF-DDA8-481A-9F3E-6F7DBBEF1AF0}.Release|Any CPU.ActiveCfg = Release|Any CPU
		{DD297AAF-DDA8-481A-9F3E-6F7DBBEF1AF0}.Release|Any CPU.Build.0 = Release|Any CPU
		{8CEA8E05-0E5C-4F80-AEAA-752D0D2A604F}.Debug|Any CPU.ActiveCfg = Debug|Any CPU
		{8CEA8E05-0E5C-4F80-AEAA-752D0D2A604F}.Debug|Any CPU.Build.0 = Debug|Any CPU
		{8CEA8E05-0E5C-4F80-AEAA-752D0D2A604F}.Release|Any CPU.ActiveCfg = Release|Any CPU
		{8CEA8E05-0E5C-4F80-AEAA-752D0D2A604F}.Release|Any CPU.Build.0 = Release|Any CPU
	EndGlobalSection
	GlobalSection(SolutionProperties) = preSolution
		HideSolutionNode = FALSE
	EndGlobalSection
	GlobalSection(NestedProjects) = preSolution
		{FBEEAAD0-E845-4CB1-92C2-4C3845CBE133} = {5D7B5BAE-213D-42F2-847B-A1960A87DCE6}
		{1794D840-C958-459F-8E29-36237DFBFCE1} = {FBEEAAD0-E845-4CB1-92C2-4C3845CBE133}
		{EB2DAF2A-21AC-49F9-8521-C7FF7160DACA} = {5D7B5BAE-213D-42F2-847B-A1960A87DCE6}
		{DD297AAF-DDA8-481A-9F3E-6F7DBBEF1AF0} = {EB2DAF2A-21AC-49F9-8521-C7FF7160DACA}
		{CDC03AE1-1E44-4D80-A5EF-3282F1A03C5A} = {5D7B5BAE-213D-42F2-847B-A1960A87DCE6}
		{8CEA8E05-0E5C-4F80-AEAA-752D0D2A604F} = {CDC03AE1-1E44-4D80-A5EF-3282F1A03C5A}
	EndGlobalSection
	GlobalSection(ExtensibilityGlobals) = postSolution
		SolutionGuid = {F58A673F-FD4C-406B-A185-054297B6C160}
	EndGlobalSection
EndGlobal
